{"format_version":"0.2","terraform_version":"1.0.8","variables":{"amis":{"value":{"us-east-1":"ami-00300977ac5b2eb86","us-east-2":"ami-0bff25b43a4479334"}},"aws_zones":{"value":"a"},"instance_type":{"value":{"default":"t2.micro","dev":"t2.small"}},"key_name":{"value":"~/.ssh/samy.pem"},"region":{"value":"us-east-1"}},"planned_values":{"root_module":{"resources":[{"address":"aws_autoscaling_group.AutoScaleWebServer","mode":"managed","type":"aws_autoscaling_group","name":"AutoScaleWebServer","provider_name":"registry.terraform.io/hashicorp/aws","schema_version":0,"values":{"capacity_rebalance":null,"enabled_metrics":null,"force_delete":false,"force_delete_warm_pool":false,"health_check_grace_period":300,"health_check_type":"ELB","initial_lifecycle_hook":[],"instance_refresh":[],"launch_template":[],"load_balancers":["ELBScaleWebServer"],"max_instance_lifetime":null,"max_size":4,"metrics_granularity":"1Minute","min_elb_capacity":null,"min_size":1,"mixed_instances_policy":[],"placement_group":null,"protect_from_scale_in":false,"suspended_processes":null,"tag":[{"key":"Name","propagate_at_launch":true,"value":"ELBScaleWebServer"}],"tags":null,"target_group_arns":null,"termination_policies":null,"timeouts":null,"wait_for_capacity_timeout":"10m","wait_for_elb_capacity":null,"warm_pool":[]},"sensitive_values":{"availability_zones":[],"initial_lifecycle_hook":[],"instance_refresh":[],"launch_template":[],"load_balancers":[false],"mixed_instances_policy":[],"tag":[{}],"vpc_zone_identifier":[],"warm_pool":[]}},{"address":"aws_elb.ELBScaleWebServer","mode":"managed","type":"aws_elb","name":"ELBScaleWebServer","provider_name":"registry.terraform.io/hashicorp/aws","schema_version":0,"values":{"access_logs":[],"availability_zones":["a"],"connection_draining":false,"connection_draining_timeout":300,"cross_zone_load_balancing":true,"health_check":[{"healthy_threshold":2,"interval":30,"target":"HTTP:80:/","timeout":3,"unhealthy_threshold":2}],"idle_timeout":60,"listener":[{"instance_port":80,"instance_protocol":"http","lb_port":80,"lb_protocol":"http","ssl_certificate_id":""}],"name":"ELBScaleWebServer","name_prefix":null,"tags":null},"sensitive_values":{"access_logs":[],"availability_zones":[false],"health_check":[{}],"instances":[],"listener":[{}],"security_groups":[],"subnets":[],"tags_all":{}}},{"address":"aws_instance.WebServer","mode":"managed","type":"aws_instance","name":"WebServer","provider_name":"registry.terraform.io/hashicorp/aws","schema_version":1,"values":{"ami":"ami-00300977ac5b2eb86","credit_specification":[],"get_password_data":false,"hibernation":null,"iam_instance_profile":null,"instance_type":"t2.micro","key_name":"~/.ssh/samy.pem","launch_template":[],"source_dest_check":false,"tags":null,"timeouts":null,"volume_tags":null},"sensitive_values":{"capacity_reservation_specification":[],"credit_specification":[],"ebs_block_device":[],"enclave_options":[],"ephemeral_block_device":[],"ipv6_addresses":[],"launch_template":[],"metadata_options":[],"network_interface":[],"root_block_device":[],"secondary_private_ips":[],"security_groups":[],"tags_all":{},"vpc_security_group_ids":[]}},{"address":"aws_launch_configuration.LaunchWebServer","mode":"managed","type":"aws_launch_configuration","name":"LaunchWebServer","provider_name":"registry.terraform.io/hashicorp/aws","schema_version":0,"values":{"associate_public_ip_address":false,"enable_monitoring":true,"ephemeral_block_device":[],"iam_instance_profile":null,"image_id":"ami-00300977ac5b2eb86","instance_type":"t2.micro","key_name":"~/.ssh/samy.pem","placement_tenancy":null,"spot_price":null,"user_data":null,"user_data_base64":null,"vpc_classic_link_id":null,"vpc_classic_link_security_groups":null},"sensitive_values":{"ebs_block_device":[],"ephemeral_block_device":[],"metadata_options":[],"root_block_device":[],"security_groups":[]}},{"address":"aws_security_group.WebServer","mode":"managed","type":"aws_security_group","name":"WebServer","provider_name":"registry.terraform.io/hashicorp/aws","schema_version":1,"values":{"description":"Managed by Terraform","ingress":[{"cidr_blocks":["0.0.0.0/0"],"description":"authorize 22 on each server ec2","from_port":22,"ipv6_cidr_blocks":[],"prefix_list_ids":[],"protocol":"tcp","security_groups":[],"self":false,"to_port":22},{"cidr_blocks":["0.0.0.0/0"],"description":"authorize 80 on ec2 WebServer","from_port":80,"ipv6_cidr_blocks":[],"prefix_list_ids":[],"protocol":"tcp","security_groups":[],"self":false,"to_port":80}],"name":"Ec2-WebServer-Group","revoke_rules_on_delete":false,"tags":null,"timeouts":null},"sensitive_values":{"egress":[],"ingress":[{"cidr_blocks":[false],"ipv6_cidr_blocks":[],"prefix_list_ids":[],"security_groups":[]},{"cidr_blocks":[false],"ipv6_cidr_blocks":[],"prefix_list_ids":[],"security_groups":[]}],"tags_all":{}}},{"address":"aws_security_group.elb","mode":"managed","type":"aws_security_group","name":"elb","provider_name":"registry.terraform.io/hashicorp/aws","schema_version":1,"values":{"description":"Managed by Terraform","egress":[{"cidr_blocks":["0.0.0.0/0"],"description":"","from_port":0,"ipv6_cidr_blocks":[],"prefix_list_ids":[],"protocol":"-1","security_groups":[],"self":false,"to_port":0}],"ingress":[{"cidr_blocks":["0.0.0.0/0"],"description":"","from_port":80,"ipv6_cidr_blocks":[],"prefix_list_ids":[],"protocol":"tcp","security_groups":[],"self":false,"to_port":80}],"name":"ELBScaleWebServer","revoke_rules_on_delete":false,"tags":null,"timeouts":null},"sensitive_values":{"egress":[{"cidr_blocks":[false],"ipv6_cidr_blocks":[],"prefix_list_ids":[],"security_groups":[]}],"ingress":[{"cidr_blocks":[false],"ipv6_cidr_blocks":[],"prefix_list_ids":[],"security_groups":[]}],"tags_all":{}}}]}},"resource_changes":[{"address":"aws_autoscaling_group.AutoScaleWebServer","mode":"managed","type":"aws_autoscaling_group","name":"AutoScaleWebServer","provider_name":"registry.terraform.io/hashicorp/aws","change":{"actions":["create"],"before":null,"after":{"capacity_rebalance":null,"enabled_metrics":null,"force_delete":false,"force_delete_warm_pool":false,"health_check_grace_period":300,"health_check_type":"ELB","initial_lifecycle_hook":[],"instance_refresh":[],"launch_template":[],"load_balancers":["ELBScaleWebServer"],"max_instance_lifetime":null,"max_size":4,"metrics_granularity":"1Minute","min_elb_capacity":null,"min_size":1,"mixed_instances_policy":[],"placement_group":null,"protect_from_scale_in":false,"suspended_processes":null,"tag":[{"key":"Name","propagate_at_launch":true,"value":"ELBScaleWebServer"}],"tags":null,"target_group_arns":null,"termination_policies":null,"timeouts":null,"wait_for_capacity_timeout":"10m","wait_for_elb_capacity":null,"warm_pool":[]},"after_unknown":{"arn":true,"availability_zones":true,"default_cooldown":true,"desired_capacity":true,"id":true,"initial_lifecycle_hook":[],"instance_refresh":[],"launch_configuration":true,"launch_template":[],"load_balancers":[false],"mixed_instances_policy":[],"name":true,"name_prefix":true,"service_linked_role_arn":true,"tag":[{}],"vpc_zone_identifier":true,"warm_pool":[]},"before_sensitive":false,"after_sensitive":{"availability_zones":[],"initial_lifecycle_hook":[],"instance_refresh":[],"launch_template":[],"load_balancers":[false],"mixed_instances_policy":[],"tag":[{}],"vpc_zone_identifier":[],"warm_pool":[]}}},{"address":"aws_elb.ELBScaleWebServer","mode":"managed","type":"aws_elb","name":"ELBScaleWebServer","provider_name":"registry.terraform.io/hashicorp/aws","change":{"actions":["create"],"before":null,"after":{"access_logs":[],"availability_zones":["a"],"connection_draining":false,"connection_draining_timeout":300,"cross_zone_load_balancing":true,"health_check":[{"healthy_threshold":2,"interval":30,"target":"HTTP:80:/","timeout":3,"unhealthy_threshold":2}],"idle_timeout":60,"listener":[{"instance_port":80,"instance_protocol":"http","lb_port":80,"lb_protocol":"http","ssl_certificate_id":""}],"name":"ELBScaleWebServer","name_prefix":null,"tags":null},"after_unknown":{"access_logs":[],"arn":true,"availability_zones":[false],"dns_name":true,"health_check":[{}],"id":true,"instances":true,"internal":true,"listener":[{}],"security_groups":true,"source_security_group":true,"source_security_group_id":true,"subnets":true,"tags_all":true,"zone_id":true},"before_sensitive":false,"after_sensitive":{"access_logs":[],"availability_zones":[false],"health_check":[{}],"instances":[],"listener":[{}],"security_groups":[],"subnets":[],"tags_all":{}}}},{"address":"aws_instance.WebServer","mode":"managed","type":"aws_instance","name":"WebServer","provider_name":"registry.terraform.io/hashicorp/aws","change":{"actions":["create"],"before":null,"after":{"ami":"ami-00300977ac5b2eb86","credit_specification":[],"get_password_data":false,"hibernation":null,"iam_instance_profile":null,"instance_type":"t2.micro","key_name":"~/.ssh/samy.pem","launch_template":[],"source_dest_check":false,"tags":null,"timeouts":null,"volume_tags":null},"after_unknown":{"arn":true,"associate_public_ip_address":true,"availability_zone":true,"capacity_reservation_specification":true,"cpu_core_count":true,"cpu_threads_per_core":true,"credit_specification":[],"disable_api_termination":true,"ebs_block_device":true,"ebs_optimized":true,"enclave_options":true,"ephemeral_block_device":true,"host_id":true,"id":true,"instance_initiated_shutdown_behavior":true,"instance_state":true,"ipv6_address_count":true,"ipv6_addresses":true,"launch_template":[],"metadata_options":true,"monitoring":true,"network_interface":true,"outpost_arn":true,"password_data":true,"placement_group":true,"placement_partition_number":true,"primary_network_interface_id":true,"private_dns":true,"private_ip":true,"public_dns":true,"public_ip":true,"root_block_device":true,"secondary_private_ips":true,"security_groups":true,"subnet_id":true,"tags_all":true,"tenancy":true,"user_data":true,"user_data_base64":true,"vpc_security_group_ids":true},"before_sensitive":false,"after_sensitive":{"capacity_reservation_specification":[],"credit_specification":[],"ebs_block_device":[],"enclave_options":[],"ephemeral_block_device":[],"ipv6_addresses":[],"launch_template":[],"metadata_options":[],"network_interface":[],"root_block_device":[],"secondary_private_ips":[],"security_groups":[],"tags_all":{},"vpc_security_group_ids":[]}}},{"address":"aws_launch_configuration.LaunchWebServer","mode":"managed","type":"aws_launch_configuration","name":"LaunchWebServer","provider_name":"registry.terraform.io/hashicorp/aws","change":{"actions":["create"],"before":null,"after":{"associate_public_ip_address":false,"enable_monitoring":true,"ephemeral_block_device":[],"iam_instance_profile":null,"image_id":"ami-00300977ac5b2eb86","instance_type":"t2.micro","key_name":"~/.ssh/samy.pem","placement_tenancy":null,"spot_price":null,"user_data":null,"user_data_base64":null,"vpc_classic_link_id":null,"vpc_classic_link_security_groups":null},"after_unknown":{"arn":true,"ebs_block_device":true,"ebs_optimized":true,"ephemeral_block_device":[],"id":true,"metadata_options":true,"name":true,"name_prefix":true,"root_block_device":true,"security_groups":true},"before_sensitive":false,"after_sensitive":{"ebs_block_device":[],"ephemeral_block_device":[],"metadata_options":[],"root_block_device":[],"security_groups":[]}}},{"address":"aws_security_group.WebServer","mode":"managed","type":"aws_security_group","name":"WebServer","provider_name":"registry.terraform.io/hashicorp/aws","change":{"actions":["create"],"before":null,"after":{"description":"Managed by Terraform","ingress":[{"cidr_blocks":["0.0.0.0/0"],"description":"authorize 22 on each server ec2","from_port":22,"ipv6_cidr_blocks":[],"prefix_list_ids":[],"protocol":"tcp","security_groups":[],"self":false,"to_port":22},{"cidr_blocks":["0.0.0.0/0"],"description":"authorize 80 on ec2 WebServer","from_port":80,"ipv6_cidr_blocks":[],"prefix_list_ids":[],"protocol":"tcp","security_groups":[],"self":false,"to_port":80}],"name":"Ec2-WebServer-Group","revoke_rules_on_delete":false,"tags":null,"timeouts":null},"after_unknown":{"arn":true,"egress":true,"id":true,"ingress":[{"cidr_blocks":[false],"ipv6_cidr_blocks":[],"prefix_list_ids":[],"security_groups":[]},{"cidr_blocks":[false],"ipv6_cidr_blocks":[],"prefix_list_ids":[],"security_groups":[]}],"name_prefix":true,"owner_id":true,"tags_all":true,"vpc_id":true},"before_sensitive":false,"after_sensitive":{"egress":[],"ingress":[{"cidr_blocks":[false],"ipv6_cidr_blocks":[],"prefix_list_ids":[],"security_groups":[]},{"cidr_blocks":[false],"ipv6_cidr_blocks":[],"prefix_list_ids":[],"security_groups":[]}],"tags_all":{}}}},{"address":"aws_security_group.elb","mode":"managed","type":"aws_security_group","name":"elb","provider_name":"registry.terraform.io/hashicorp/aws","change":{"actions":["create"],"before":null,"after":{"description":"Managed by Terraform","egress":[{"cidr_blocks":["0.0.0.0/0"],"description":"","from_port":0,"ipv6_cidr_blocks":[],"prefix_list_ids":[],"protocol":"-1","security_groups":[],"self":false,"to_port":0}],"ingress":[{"cidr_blocks":["0.0.0.0/0"],"description":"","from_port":80,"ipv6_cidr_blocks":[],"prefix_list_ids":[],"protocol":"tcp","security_groups":[],"self":false,"to_port":80}],"name":"ELBScaleWebServer","revoke_rules_on_delete":false,"tags":null,"timeouts":null},"after_unknown":{"arn":true,"egress":[{"cidr_blocks":[false],"ipv6_cidr_blocks":[],"prefix_list_ids":[],"security_groups":[]}],"id":true,"ingress":[{"cidr_blocks":[false],"ipv6_cidr_blocks":[],"prefix_list_ids":[],"security_groups":[]}],"name_prefix":true,"owner_id":true,"tags_all":true,"vpc_id":true},"before_sensitive":false,"after_sensitive":{"egress":[{"cidr_blocks":[false],"ipv6_cidr_blocks":[],"prefix_list_ids":[],"security_groups":[]}],"ingress":[{"cidr_blocks":[false],"ipv6_cidr_blocks":[],"prefix_list_ids":[],"security_groups":[]}],"tags_all":{}}}}],"configuration":{"provider_config":{"aws":{"name":"aws","expressions":{"profile":{"constant_value":"default"},"region":{"constant_value":"us-east-1"}}}},"root_module":{"resources":[{"address":"aws_autoscaling_group.AutoScaleWebServer","mode":"managed","type":"aws_autoscaling_group","name":"AutoScaleWebServer","provider_config_key":"aws","expressions":{"health_check_type":{"constant_value":"ELB"},"launch_configuration":{"references":["aws_launch_configuration.LaunchWebServer.id","aws_launch_configuration.LaunchWebServer"]},"load_balancers":{"references":["aws_elb.ELBScaleWebServer.name","aws_elb.ELBScaleWebServer"]},"max_size":{"constant_value":4},"min_size":{"constant_value":1},"tag":[{"key":{"constant_value":"Name"},"propagate_at_launch":{"constant_value":true},"value":{"constant_value":"ELBScaleWebServer"}}]},"schema_version":0},{"address":"aws_elb.ELBScaleWebServer","mode":"managed","type":"aws_elb","name":"ELBScaleWebServer","provider_config_key":"aws","expressions":{"availability_zones":{"references":["var.aws_zones"]},"health_check":[{"healthy_threshold":{"constant_value":2},"interval":{"constant_value":30},"target":{"constant_value":"HTTP:80:/"},"timeout":{"constant_value":3},"unhealthy_threshold":{"constant_value":2}}],"listener":[{"instance_port":{"constant_value":"80"},"instance_protocol":{"constant_value":"http"},"lb_port":{"constant_value":80},"lb_protocol":{"constant_value":"http"}}],"name":{"constant_value":"ELBScaleWebServer"},"security_groups":{"references":["aws_security_group.elb.id","aws_security_group.elb"]}},"schema_version":0},{"address":"aws_instance.WebServer","mode":"managed","type":"aws_instance","name":"WebServer","provider_config_key":"aws","expressions":{"ami":{"references":["var.amis","var.region"]},"instance_type":{"constant_value":"t2.micro"},"key_name":{"references":["var.key_name"]},"source_dest_check":{"constant_value":false},"vpc_security_group_ids":{"references":["aws_security_group.WebServer.id","aws_security_group.WebServer"]}},"schema_version":1},{"address":"aws_launch_configuration.LaunchWebServer","mode":"managed","type":"aws_launch_configuration","name":"LaunchWebServer","provider_config_key":"aws","expressions":{"image_id":{"references":["var.amis","var.region"]},"instance_type":{"references":["var.instance_type","terraform.workspace"]},"key_name":{"references":["var.key_name"]},"security_groups":{"references":["aws_security_group.WebServer.id","aws_security_group.WebServer"]}},"schema_version":0},{"address":"aws_security_group.WebServer","mode":"managed","type":"aws_security_group","name":"WebServer","provider_config_key":"aws","expressions":{"name":{"constant_value":"Ec2-WebServer-Group"}},"schema_version":1},{"address":"aws_security_group.elb","mode":"managed","type":"aws_security_group","name":"elb","provider_config_key":"aws","expressions":{"name":{"constant_value":"ELBScaleWebServer"}},"schema_version":1}],"variables":{"amis":{"default":{"us-east-1":"ami-00300977ac5b2eb86","us-east-2":"ami-0bff25b43a4479334"}},"aws_zones":{"default":"a","description":"AWS region availability zone"},"instance_type":{"default":{"default":"t2.micro","dev":"t2.small"}},"key_name":{"default":"~/.ssh/samy.pem","description":"enter your ssh key in pem format"},"region":{"default":"us-east-1"}}}}}
